// !$*UTF8*$!
{
	archiveVersion = 1;
	classes = {
	};
	objectVersion = 50;
	objects = {

/* Begin PBXBuildFile section */
		22935DE423B030A9007A2820 /* BogLogger WatchKit App.app in Embed Watch Content */ = {isa = PBXBuildFile; fileRef = 22935DE323B030A9007A2820 /* BogLogger WatchKit App.app */; settings = {ATTRIBUTES = (RemoveHeadersOnCopy, ); }; };
		22935DEA23B030AA007A2820 /* Interface.storyboard in Resources */ = {isa = PBXBuildFile; fileRef = 22935DE823B030AA007A2820 /* Interface.storyboard */; };
		22935DEC23B030AC007A2820 /* Assets.xcassets in Resources */ = {isa = PBXBuildFile; fileRef = 22935DEB23B030AC007A2820 /* Assets.xcassets */; };
		22935DF323B030AC007A2820 /* BogLogger WatchKit Extension.appex in Embed App Extensions */ = {isa = PBXBuildFile; fileRef = 22935DF223B030AC007A2820 /* BogLogger WatchKit Extension.appex */; settings = {ATTRIBUTES = (RemoveHeadersOnCopy, ); }; };
		22935DF823B030AC007A2820 /* ContentView.swift in Sources */ = {isa = PBXBuildFile; fileRef = 22935DF723B030AC007A2820 /* ContentView.swift */; };
		22935DFA23B030AC007A2820 /* HostingController.swift in Sources */ = {isa = PBXBuildFile; fileRef = 22935DF923B030AC007A2820 /* HostingController.swift */; };
		22935DFC23B030AC007A2820 /* ExtensionDelegate.swift in Sources */ = {isa = PBXBuildFile; fileRef = 22935DFB23B030AC007A2820 /* ExtensionDelegate.swift */; };
		22935DFE23B030AC007A2820 /* NotificationController.swift in Sources */ = {isa = PBXBuildFile; fileRef = 22935DFD23B030AC007A2820 /* NotificationController.swift */; };
		22935E0023B030AC007A2820 /* NotificationView.swift in Sources */ = {isa = PBXBuildFile; fileRef = 22935DFF23B030AC007A2820 /* NotificationView.swift */; };
		22935E0223B030AC007A2820 /* Assets.xcassets in Resources */ = {isa = PBXBuildFile; fileRef = 22935E0123B030AC007A2820 /* Assets.xcassets */; };
		22935E0523B030AC007A2820 /* Preview Assets.xcassets in Resources */ = {isa = PBXBuildFile; fileRef = 22935E0423B030AC007A2820 /* Preview Assets.xcassets */; };
/* End PBXBuildFile section */

/* Begin PBXContainerItemProxy section */
		22935DE523B030A9007A2820 /* PBXContainerItemProxy */ = {
			isa = PBXContainerItemProxy;
			containerPortal = 22935DD923B030A9007A2820 /* Project object */;
			proxyType = 1;
			remoteGlobalIDString = 22935DE223B030A9007A2820;
			remoteInfo = "BogLogger WatchKit App";
		};
		22935DF423B030AC007A2820 /* PBXContainerItemProxy */ = {
			isa = PBXContainerItemProxy;
			containerPortal = 22935DD923B030A9007A2820 /* Project object */;
			proxyType = 1;
			remoteGlobalIDString = 22935DF123B030AC007A2820;
			remoteInfo = "BogLogger WatchKit Extension";
		};
/* End PBXContainerItemProxy section */

/* Begin PBXCopyFilesBuildPhase section */
		22935E0D23B030AC007A2820 /* Embed App Extensions */ = {
			isa = PBXCopyFilesBuildPhase;
			buildActionMask = 2147483647;
			dstPath = "";
			dstSubfolderSpec = 13;
			files = (
				22935DF323B030AC007A2820 /* BogLogger WatchKit Extension.appex in Embed App Extensions */,
			);
			name = "Embed App Extensions";
			runOnlyForDeploymentPostprocessing = 0;
		};
		22935E1123B030AC007A2820 /* Embed Watch Content */ = {
			isa = PBXCopyFilesBuildPhase;
			buildActionMask = 2147483647;
			dstPath = "$(CONTENTS_FOLDER_PATH)/Watch";
			dstSubfolderSpec = 16;
			files = (
				22935DE423B030A9007A2820 /* BogLogger WatchKit App.app in Embed Watch Content */,
			);
			name = "Embed Watch Content";
			runOnlyForDeploymentPostprocessing = 0;
		};
/* End PBXCopyFilesBuildPhase section */

/* Begin PBXFileReference section */
		22935DDF23B030A9007A2820 /* BogLogger.app */ = {isa = PBXFileReference; explicitFileType = wrapper.application; includeInIndex = 0; path = BogLogger.app; sourceTree = BUILT_PRODUCTS_DIR; };
		22935DE323B030A9007A2820 /* BogLogger WatchKit App.app */ = {isa = PBXFileReference; explicitFileType = wrapper.application; includeInIndex = 0; path = "BogLogger WatchKit App.app"; sourceTree = BUILT_PRODUCTS_DIR; };
		22935DE923B030AA007A2820 /* Base */ = {isa = PBXFileReference; lastKnownFileType = file.storyboard; name = Base; path = Base.lproj/Interface.storyboard; sourceTree = "<group>"; };
		22935DEB23B030AC007A2820 /* Assets.xcassets */ = {isa = PBXFileReference; lastKnownFileType = folder.assetcatalog; path = Assets.xcassets; sourceTree = "<group>"; };
		22935DED23B030AC007A2820 /* Info.plist */ = {isa = PBXFileReference; lastKnownFileType = text.plist.xml; path = Info.plist; sourceTree = "<group>"; };
		22935DF223B030AC007A2820 /* BogLogger WatchKit Extension.appex */ = {isa = PBXFileReference; explicitFileType = "wrapper.app-extension"; includeInIndex = 0; path = "BogLogger WatchKit Extension.appex"; sourceTree = BUILT_PRODUCTS_DIR; };
		22935DF723B030AC007A2820 /* ContentView.swift */ = {isa = PBXFileReference; lastKnownFileType = sourcecode.swift; path = ContentView.swift; sourceTree = "<group>"; };
		22935DF923B030AC007A2820 /* HostingController.swift */ = {isa = PBXFileReference; lastKnownFileType = sourcecode.swift; path = HostingController.swift; sourceTree = "<group>"; };
		22935DFB23B030AC007A2820 /* ExtensionDelegate.swift */ = {isa = PBXFileReference; lastKnownFileType = sourcecode.swift; path = ExtensionDelegate.swift; sourceTree = "<group>"; };
		22935DFD23B030AC007A2820 /* NotificationController.swift */ = {isa = PBXFileReference; lastKnownFileType = sourcecode.swift; path = NotificationController.swift; sourceTree = "<group>"; };
		22935DFF23B030AC007A2820 /* NotificationView.swift */ = {isa = PBXFileReference; lastKnownFileType = sourcecode.swift; path = NotificationView.swift; sourceTree = "<group>"; };
		22935E0123B030AC007A2820 /* Assets.xcassets */ = {isa = PBXFileReference; lastKnownFileType = folder.assetcatalog; path = Assets.xcassets; sourceTree = "<group>"; };
		22935E0423B030AC007A2820 /* Preview Assets.xcassets */ = {isa = PBXFileReference; lastKnownFileType = folder.assetcatalog; path = "Preview Assets.xcassets"; sourceTree = "<group>"; };
		22935E0623B030AC007A2820 /* Info.plist */ = {isa = PBXFileReference; lastKnownFileType = text.plist.xml; path = Info.plist; sourceTree = "<group>"; };
		22935E0723B030AC007A2820 /* PushNotificationPayload.apns */ = {isa = PBXFileReference; lastKnownFileType = text; path = PushNotificationPayload.apns; sourceTree = "<group>"; };
/* End PBXFileReference section */

/* Begin PBXFrameworksBuildPhase section */
		22935DEF23B030AC007A2820 /* Frameworks */ = {
			isa = PBXFrameworksBuildPhase;
			buildActionMask = 2147483647;
			files = (
			);
			runOnlyForDeploymentPostprocessing = 0;
		};
/* End PBXFrameworksBuildPhase section */

/* Begin PBXGroup section */
		22935DD823B030A9007A2820 = {
			isa = PBXGroup;
			children = (
				22935DE723B030A9007A2820 /* BogLogger WatchKit App */,
				22935DF623B030AC007A2820 /* BogLogger WatchKit Extension */,
				22935DE023B030A9007A2820 /* Products */,
			);
			sourceTree = "<group>";
		};
		22935DE023B030A9007A2820 /* Products */ = {
			isa = PBXGroup;
			children = (
				22935DDF23B030A9007A2820 /* BogLogger.app */,
				22935DE323B030A9007A2820 /* BogLogger WatchKit App.app */,
				22935DF223B030AC007A2820 /* BogLogger WatchKit Extension.appex */,
			);
			name = Products;
			sourceTree = "<group>";
		};
		22935DE723B030A9007A2820 /* BogLogger WatchKit App */ = {
			isa = PBXGroup;
			children = (
				22935DE823B030AA007A2820 /* Interface.storyboard */,
				22935DEB23B030AC007A2820 /* Assets.xcassets */,
				22935DED23B030AC007A2820 /* Info.plist */,
			);
			path = "BogLogger WatchKit App";
			sourceTree = "<group>";
		};
		22935DF623B030AC007A2820 /* BogLogger WatchKit Extension */ = {
			isa = PBXGroup;
			children = (
				22935DF723B030AC007A2820 /* ContentView.swift */,
				22935DF923B030AC007A2820 /* HostingController.swift */,
				22935DFB23B030AC007A2820 /* ExtensionDelegate.swift */,
				22935DFD23B030AC007A2820 /* NotificationController.swift */,
				22935DFF23B030AC007A2820 /* NotificationView.swift */,
				22935E0123B030AC007A2820 /* Assets.xcassets */,
				22935E0623B030AC007A2820 /* Info.plist */,
				22935E0723B030AC007A2820 /* PushNotificationPayload.apns */,
				22935E0323B030AC007A2820 /* Preview Content */,
			);
			path = "BogLogger WatchKit Extension";
			sourceTree = "<group>";
		};
		22935E0323B030AC007A2820 /* Preview Content */ = {
			isa = PBXGroup;
			children = (
				22935E0423B030AC007A2820 /* Preview Assets.xcassets */,
			);
			path = "Preview Content";
			sourceTree = "<group>";
		};
/* End PBXGroup section */

/* Begin PBXNativeTarget section */
		22935DDE23B030A9007A2820 /* BogLogger */ = {
			isa = PBXNativeTarget;
			buildConfigurationList = 22935E1223B030AC007A2820 /* Build configuration list for PBXNativeTarget "BogLogger" */;
			buildPhases = (
				22935DDD23B030A9007A2820 /* Resources */,
				22935E1123B030AC007A2820 /* Embed Watch Content */,
			);
			buildRules = (
			);
			dependencies = (
				22935DE623B030A9007A2820 /* PBXTargetDependency */,
			);
			name = BogLogger;
			productName = BogLogger;
			productReference = 22935DDF23B030A9007A2820 /* BogLogger.app */;
			productType = "com.apple.product-type.application.watchapp2-container";
		};
		22935DE223B030A9007A2820 /* BogLogger WatchKit App */ = {
			isa = PBXNativeTarget;
			buildConfigurationList = 22935E0E23B030AC007A2820 /* Build configuration list for PBXNativeTarget "BogLogger WatchKit App" */;
			buildPhases = (
				22935DE123B030A9007A2820 /* Resources */,
				22935E0D23B030AC007A2820 /* Embed App Extensions */,
			);
			buildRules = (
			);
			dependencies = (
				22935DF523B030AC007A2820 /* PBXTargetDependency */,
			);
			name = "BogLogger WatchKit App";
			productName = "BogLogger WatchKit App";
			productReference = 22935DE323B030A9007A2820 /* BogLogger WatchKit App.app */;
			productType = "com.apple.product-type.application.watchapp2";
		};
		22935DF123B030AC007A2820 /* BogLogger WatchKit Extension */ = {
			isa = PBXNativeTarget;
			buildConfigurationList = 22935E0A23B030AC007A2820 /* Build configuration list for PBXNativeTarget "BogLogger WatchKit Extension" */;
			buildPhases = (
				22935DEE23B030AC007A2820 /* Sources */,
				22935DEF23B030AC007A2820 /* Frameworks */,
				22935DF023B030AC007A2820 /* Resources */,
			);
			buildRules = (
			);
			dependencies = (
			);
			name = "BogLogger WatchKit Extension";
			productName = "BogLogger WatchKit Extension";
			productReference = 22935DF223B030AC007A2820 /* BogLogger WatchKit Extension.appex */;
			productType = "com.apple.product-type.watchkit2-extension";
		};
/* End PBXNativeTarget section */

/* Begin PBXProject section */
		22935DD923B030A9007A2820 /* Project object */ = {
			isa = PBXProject;
			attributes = {
				LastSwiftUpdateCheck = 1130;
				LastUpgradeCheck = 1130;
				ORGANIZATIONNAME = "Samantha Connelly";
				TargetAttributes = {
					22935DDE23B030A9007A2820 = {
						CreatedOnToolsVersion = 11.3;
					};
					22935DE223B030A9007A2820 = {
						CreatedOnToolsVersion = 11.3;
					};
					22935DF123B030AC007A2820 = {
						CreatedOnToolsVersion = 11.3;
					};
				};
			};
			buildConfigurationList = 22935DDC23B030A9007A2820 /* Build configuration list for PBXProject "BogLogger" */;
			compatibilityVersion = "Xcode 9.3";
			developmentRegion = en;
			hasScannedForEncodings = 0;
			knownRegions = (
				en,
				Base,
			);
			mainGroup = 22935DD823B030A9007A2820;
			productRefGroup = 22935DE023B030A9007A2820 /* Products */;
			projectDirPath = "";
			projectRoot = "";
			targets = (
				22935DDE23B030A9007A2820 /* BogLogger */,
				22935DE223B030A9007A2820 /* BogLogger WatchKit App */,
				22935DF123B030AC007A2820 /* BogLogger WatchKit Extension */,
			);
		};
/* End PBXProject section */

/* Begin PBXResourcesBuildPhase section */
		22935DDD23B030A9007A2820 /* Resources */ = {
			isa = PBXResourcesBuildPhase;
			buildActionMask = 2147483647;
			files = (
			);
			runOnlyForDeploymentPostprocessing = 0;
		};
		22935DE123B030A9007A2820 /* Resources */ = {
			isa = PBXResourcesBuildPhase;
			buildActionMask = 2147483647;
			files = (
				22935DEC23B030AC007A2820 /* Assets.xcassets in Resources */,
				22935DEA23B030AA007A2820 /* Interface.storyboard in Resources */,
			);
			runOnlyForDeploymentPostprocessing = 0;
		};
		22935DF023B030AC007A2820 /* Resources */ = {
			isa = PBXResourcesBuildPhase;
			buildActionMask = 2147483647;
			files = (
				22935E0523B030AC007A2820 /* Preview Assets.xcassets in Resources */,
				22935E0223B030AC007A2820 /* Assets.xcassets in Resources */,
			);
			runOnlyForDeploymentPostprocessing = 0;
		};
/* End PBXResourcesBuildPhase section */

/* Begin PBXSourcesBuildPhase section */
		22935DEE23B030AC007A2820 /* Sources */ = {
			isa = PBXSourcesBuildPhase;
			buildActionMask = 2147483647;
			files = (
				22935DFA23B030AC007A2820 /* HostingController.swift in Sources */,
				22935DF823B030AC007A2820 /* ContentView.swift in Sources */,
				22935DFE23B030AC007A2820 /* NotificationController.swift in Sources */,
				22935DFC23B030AC007A2820 /* ExtensionDelegate.swift in Sources */,
				22935E0023B030AC007A2820 /* NotificationView.swift in Sources */,
			);
			runOnlyForDeploymentPostprocessing = 0;
		};
/* End PBXSourcesBuildPhase section */

/* Begin PBXTargetDependency section */
		22935DE623B030A9007A2820 /* PBXTargetDependency */ = {
			isa = PBXTargetDependency;
			target = 22935DE223B030A9007A2820 /* BogLogger WatchKit App */;
			targetProxy = 22935DE523B030A9007A2820 /* PBXContainerItemProxy */;
		};
		22935DF523B030AC007A2820 /* PBXTargetDependency */ = {
			isa = PBXTargetDependency;
			target = 22935DF123B030AC007A2820 /* BogLogger WatchKit Extension */;
			targetProxy = 22935DF423B030AC007A2820 /* PBXContainerItemProxy */;
		};
/* End PBXTargetDependency section */

/* Begin PBXVariantGroup section */
		22935DE823B030AA007A2820 /* Interface.storyboard */ = {
			isa = PBXVariantGroup;
			children = (
				22935DE923B030AA007A2820 /* Base */,
			);
			name = Interface.storyboard;
			sourceTree = "<group>";
		};
/* End PBXVariantGroup section */

/* Begin XCBuildConfiguration section */
		22935E0823B030AC007A2820 /* Debug */ = {
			isa = XCBuildConfiguration;
			buildSettings = {
				ALWAYS_SEARCH_USER_PATHS = NO;
				CLANG_ANALYZER_NONNULL = YES;
				CLANG_ANALYZER_NUMBER_OBJECT_CONVERSION = YES_AGGRESSIVE;
				CLANG_CXX_LANGUAGE_STANDARD = "gnu++14";
				CLANG_CXX_LIBRARY = "libc++";
				CLANG_ENABLE_MODULES = YES;
				CLANG_ENABLE_OBJC_ARC = YES;
				CLANG_ENABLE_OBJC_WEAK = YES;
				CLANG_WARN_BLOCK_CAPTURE_AUTORELEASING = YES;
				CLANG_WARN_BOOL_CONVERSION = YES;
				CLANG_WARN_COMMA = YES;
				CLANG_WARN_CONSTANT_CONVERSION = YES;
				CLANG_WARN_DEPRECATED_OBJC_IMPLEMENTATIONS = YES;
				CLANG_WARN_DIRECT_OBJC_ISA_USAGE = YES_ERROR;
				CLANG_WARN_DOCUMENTATION_COMMENTS = YES;
				CLANG_WARN_EMPTY_BODY = YES;
				CLANG_WARN_ENUM_CONVERSION = YES;
				CLANG_WARN_INFINITE_RECURSION = YES;
				CLANG_WARN_INT_CONVERSION = YES;
				CLANG_WARN_NON_LITERAL_NULL_CONVERSION = YES;
				CLANG_WARN_OBJC_IMPLICIT_RETAIN_SELF = YES;
				CLANG_WARN_OBJC_LITERAL_CONVERSION = YES;
				CLANG_WARN_OBJC_ROOT_CLASS = YES_ERROR;
				CLANG_WARN_RANGE_LOOP_ANALYSIS = YES;
				CLANG_WARN_STRICT_PROTOTYPES = YES;
				CLANG_WARN_SUSPICIOUS_MOVE = YES;
				CLANG_WARN_UNGUARDED_AVAILABILITY = YES_AGGRESSIVE;
				CLANG_WARN_UNREACHABLE_CODE = YES;
				CLANG_WARN__DUPLICATE_METHOD_MATCH = YES;
				COPY_PHASE_STRIP = NO;
				DEBUG_INFORMATION_FORMAT = dwarf;
				ENABLE_STRICT_OBJC_MSGSEND = YES;
				ENABLE_TESTABILITY = YES;
				GCC_C_LANGUAGE_STANDARD = gnu11;
				GCC_DYNAMIC_NO_PIC = NO;
				GCC_NO_COMMON_BLOCKS = YES;
				GCC_OPTIMIZATION_LEVEL = 0;
				GCC_PREPROCESSOR_DEFINITIONS = (
					"DEBUG=1",
					"$(inherited)",
				);
				GCC_WARN_64_TO_32_BIT_CONVERSION = YES;
				GCC_WARN_ABOUT_RETURN_TYPE = YES_ERROR;
				GCC_WARN_UNDECLARED_SELECTOR = YES;
				GCC_WARN_UNINITIALIZED_AUTOS = YES_AGGRESSIVE;
				GCC_WARN_UNUSED_FUNCTION = YES;
				GCC_WARN_UNUSED_VARIABLE = YES;
				MTL_ENABLE_DEBUG_INFO = INCLUDE_SOURCE;
				MTL_FAST_MATH = YES;
				ONLY_ACTIVE_ARCH = YES;
				SDKROOT = iphoneos;
				SWIFT_ACTIVE_COMPILATION_CONDITIONS = DEBUG;
				SWIFT_OPTIMIZATION_LEVEL = "-Onone";
			};
			name = Debug;
		};
		22935E0923B030AC007A2820 /* Release */ = {
			isa = XCBuildConfiguration;
			buildSettings = {
				ALWAYS_SEARCH_USER_PATHS = NO;
				CLANG_ANALYZER_NONNULL = YES;
				CLANG_ANALYZER_NUMBER_OBJECT_CONVERSION = YES_AGGRESSIVE;
				CLANG_CXX_LANGUAGE_STANDARD = "gnu++14";
				CLANG_CXX_LIBRARY = "libc++";
				CLANG_ENABLE_MODULES = YES;
				CLANG_ENABLE_OBJC_ARC = YES;
				CLANG_ENABLE_OBJC_WEAK = YES;
				CLANG_WARN_BLOCK_CAPTURE_AUTORELEASING = YES;
				CLANG_WARN_BOOL_CONVERSION = YES;
				CLANG_WARN_COMMA = YES;
				CLANG_WARN_CONSTANT_CONVERSION = YES;
				CLANG_WARN_DEPRECATED_OBJC_IMPLEMENTATIONS = YES;
				CLANG_WARN_DIRECT_OBJC_ISA_USAGE = YES_ERROR;
				CLANG_WARN_DOCUMENTATION_COMMENTS = YES;
				CLANG_WARN_EMPTY_BODY = YES;
				CLANG_WARN_ENUM_CONVERSION = YES;
				CLANG_WARN_INFINITE_RECURSION = YES;
				CLANG_WARN_INT_CONVERSION = YES;
				CLANG_WARN_NON_LITERAL_NULL_CONVERSION = YES;
				CLANG_WARN_OBJC_IMPLICIT_RETAIN_SELF = YES;
				CLANG_WARN_OBJC_LITERAL_CONVERSION = YES;
				CLANG_WARN_OBJC_ROOT_CLASS = YES_ERROR;
				CLANG_WARN_RANGE_LOOP_ANALYSIS = YES;
				CLANG_WARN_STRICT_PROTOTYPES = YES;
				CLANG_WARN_SUSPICIOUS_MOVE = YES;
				CLANG_WARN_UNGUARDED_AVAILABILITY = YES_AGGRESSIVE;
				CLANG_WARN_UNREACHABLE_CODE = YES;
				CLANG_WARN__DUPLICATE_METHOD_MATCH = YES;
				COPY_PHASE_STRIP = NO;
				DEBUG_INFORMATION_FORMAT = "dwarf-with-dsym";
				ENABLE_NS_ASSERTIONS = NO;
				ENABLE_STRICT_OBJC_MSGSEND = YES;
				GCC_C_LANGUAGE_STANDARD = gnu11;
				GCC_NO_COMMON_BLOCKS = YES;
				GCC_WARN_64_TO_32_BIT_CONVERSION = YES;
				GCC_WARN_ABOUT_RETURN_TYPE = YES_ERROR;
				GCC_WARN_UNDECLARED_SELECTOR = YES;
				GCC_WARN_UNINITIALIZED_AUTOS = YES_AGGRESSIVE;
				GCC_WARN_UNUSED_FUNCTION = YES;
				GCC_WARN_UNUSED_VARIABLE = YES;
				MTL_ENABLE_DEBUG_INFO = NO;
				MTL_FAST_MATH = YES;
				SDKROOT = iphoneos;
				SWIFT_COMPILATION_MODE = wholemodule;
				SWIFT_OPTIMIZATION_LEVEL = "-O";
				VALIDATE_PRODUCT = YES;
			};
			name = Release;
		};
		22935E0B23B030AC007A2820 /* Debug */ = {
			isa = XCBuildConfiguration;
			buildSettings = {
				ASSETCATALOG_COMPILER_COMPLICATION_NAME = Complication;
				CODE_SIGN_STYLE = Automatic;
				DEVELOPMENT_ASSET_PATHS = "\"BogLogger WatchKit Extension/Preview Content\"";
				ENABLE_PREVIEWS = YES;
				INFOPLIST_FILE = "BogLogger WatchKit Extension/Info.plist";
				LD_RUNPATH_SEARCH_PATHS = (
					"$(inherited)",
					"@executable_path/Frameworks",
					"@executable_path/../../Frameworks",
				);
				PRODUCT_BUNDLE_IDENTIFIER = BugHunterSam.BogLogger.watchkitapp.watchkitextension;
				PRODUCT_NAME = "${TARGET_NAME}";
				SDKROOT = watchos;
				SKIP_INSTALL = YES;
				SWIFT_VERSION = 5.0;
				TARGETED_DEVICE_FAMILY = 4;
				WATCHOS_DEPLOYMENT_TARGET = 6.1;
			};
			name = Debug;
		};
		22935E0C23B030AC007A2820 /* Release */ = {
			isa = XCBuildConfiguration;
			buildSettings = {
				ASSETCATALOG_COMPILER_COMPLICATION_NAME = Complication;
				CODE_SIGN_STYLE = Automatic;
				DEVELOPMENT_ASSET_PATHS = "\"BogLogger WatchKit Extension/Preview Content\"";
				ENABLE_PREVIEWS = YES;
				INFOPLIST_FILE = "BogLogger WatchKit Extension/Info.plist";
				LD_RUNPATH_SEARCH_PATHS = (
					"$(inherited)",
					"@executable_path/Frameworks",
					"@executable_path/../../Frameworks",
				);
				PRODUCT_BUNDLE_IDENTIFIER = BugHunterSam.BogLogger.watchkitapp.watchkitextension;
				PRODUCT_NAME = "${TARGET_NAME}";
				SDKROOT = watchos;
				SKIP_INSTALL = YES;
				SWIFT_VERSION = 5.0;
				TARGETED_DEVICE_FAMILY = 4;
				WATCHOS_DEPLOYMENT_TARGET = 6.1;
			};
			name = Release;
		};
		22935E0F23B030AC007A2820 /* Debug */ = {
			isa = XCBuildConfiguration;
			buildSettings = {
				ALWAYS_EMBED_SWIFT_STANDARD_LIBRARIES = YES;
				ASSETCATALOG_COMPILER_APPICON_NAME = AppIcon;
				CODE_SIGN_STYLE = Automatic;
				IBSC_MODULE = BogLogger_WatchKit_Extension;
				INFOPLIST_FILE = "BogLogger WatchKit App/Info.plist";
				PRODUCT_BUNDLE_IDENTIFIER = BugHunterSam.BogLogger.watchkitapp;
				PRODUCT_NAME = "$(TARGET_NAME)";
				SDKROOT = watchos;
				SKIP_INSTALL = YES;
				SWIFT_VERSION = 5.0;
				TARGETED_DEVICE_FAMILY = 4;
				WATCHOS_DEPLOYMENT_TARGET = 6.1;
			};
			name = Debug;
		};
		22935E1023B030AC007A2820 /* Release */ = {
			isa = XCBuildConfiguration;
			buildSettings = {
				ALWAYS_EMBED_SWIFT_STANDARD_LIBRARIES = YES;
				ASSETCATALOG_COMPILER_APPICON_NAME = AppIcon;
				CODE_SIGN_STYLE = Automatic;
				IBSC_MODULE = BogLogger_WatchKit_Extension;
				INFOPLIST_FILE = "BogLogger WatchKit App/Info.plist";
				PRODUCT_BUNDLE_IDENTIFIER = BugHunterSam.BogLogger.watchkitapp;
				PRODUCT_NAME = "$(TARGET_NAME)";
				SDKROOT = watchos;
				SKIP_INSTALL = YES;
				SWIFT_VERSION = 5.0;
				TARGETED_DEVICE_FAMILY = 4;
				WATCHOS_DEPLOYMENT_TARGET = 6.1;
			};
			name = Release;
		};
		22935E1323B030AC007A2820 /* Debug */ = {
			isa = XCBuildConfiguration;
			buildSettings = {
				CODE_SIGN_STYLE = Automatic;
				CURRENT_PROJECT_VERSION = 1;
				MARKETING_VERSION = 1.0;
				PRODUCT_BUNDLE_IDENTIFIER = BugHunterSam.BogLogger;
				PRODUCT_NAME = "$(TARGET_NAME)";
				SWIFT_VERSION = 5.0;
			};
			name = Debug;
		};
		22935E1423B030AC007A2820 /* Release */ = {
			isa = XCBuildConfiguration;
			buildSettings = {
				CODE_SIGN_STYLE = Automatic;
				CURRENT_PROJECT_VERSION = 1;
				MARKETING_VERSION = 1.0;
				PRODUCT_BUNDLE_IDENTIFIER = BugHunterSam.BogLogger;
				PRODUCT_NAME = "$(TARGET_NAME)";
				SWIFT_VERSION = 5.0;
			};
			name = Release;
		};
/* End XCBuildConfiguration section */

/* Begin XCConfigurationList section */
		22935DDC23B030A9007A2820 /* Build configuration list for PBXProject "BogLogger" */ = {
			isa = XCConfigurationList;
			buildConfigurations = (
				22935E0823B030AC007A2820 /* Debug */,
				22935E0923B030AC007A2820 /* Release */,
			);
			defaultConfigurationIsVisible = 0;
			defaultConfigurationName = Release;
		};
		22935E0A23B030AC007A2820 /* Build configuration list for PBXNativeTarget "BogLogger WatchKit Extension" */ = {
			isa = XCConfigurationList;
			buildConfigurations = (
				22935E0B23B030AC007A2820 /* Debug */,
				22935E0C23B030AC007A2820 /* Release */,
			);
			defaultConfigurationIsVisible = 0;
			defaultConfigurationName = Release;
		};
		22935E0E23B030AC007A2820 /* Build configuration list for PBXNativeTarget "BogLogger WatchKit App" */ = {
			isa = XCConfigurationList;
			buildConfigurations = (
				22935E0F23B030AC007A2820 /* Debug */,
				22935E1023B030AC007A2820 /* Release */,
			);
			defaultConfigurationIsVisible = 0;
			defaultConfigurationName = Release;
		};
		22935E1223B030AC007A2820 /* Build configuration list for PBXNativeTarget "BogLogger" */ = {
			isa = XCConfigurationList;
			buildConfigurations = (
				22935E1323B030AC007A2820 /* Debug */,
				22935E1423B030AC007A2820 /* Release */,
			);
			defaultConfigurationIsVisible = 0;
			defaultConfigurationName = Release;
		};
/* End XCConfigurationList section */
	};
	rootObject = 22935DD923B030A9007A2820 /* Project object */;
}
